{
  "name": "vocal-arranger",
  "lockfileVersion": 3,
  "requires": true,
  "packages": {
    "": {
      "dependencies": {
        "wavesurfer.js": "^7.10.1"
      }
    },
    "node_modules/wavesurfer.js": {
      "version": "7.10.1",
      "resolved": "https://registry.npmjs.org/wavesurfer.js/-/wavesurfer.js-7.10.1.tgz",
      "integrity": "sha512-tF1ptFCAi8SAqKbM1e7705zouLC3z4ulXCg15kSP5dQ7VDV30Q3x/xFRcuVIYTT5+jB/PdkhiBRCfsMshZG1Ug==",
      "license": "BSD-3-Clause"
    }
  }
}
